
Microsoft Visual Studio Solution File, Format Version 12.00
# Visual Studio Version 17
VisualStudioVersion = 17.5.33516.290
MinimumVisualStudioVersion = 10.0.40219.1
Project("{FAE04EC0-301F-11D3-BF4B-00C04F79EFBC}") = "WebApi-Disney", "WebApi-Disney.csproj", "{73EB25FF-5730-4174-BB53-714B9E163DDF}"
EndProject
Global
	GlobalSection(SolutionConfigurationPlatforms) = preSolution
		Debug|Any CPU = Debug|Any CPU
		Release|Any CPU = Release|Any CPU
	EndGlobalSection
	GlobalSection(ProjectConfigurationPlatforms) = postSolution
		{73EB25FF-5730-4174-BB53-714B9E163DDF}.Debug|Any CPU.ActiveCfg = Debug|Any CPU
		{73EB25FF-5730-4174-BB53-714B9E163DDF}.Debug|Any CPU.Build.0 = Debug|Any CPU
		{73EB25FF-5730-4174-BB53-714B9E163DDF}.Release|Any CPU.ActiveCfg = Release|Any CPU
		{73EB25FF-5730-4174-BB53-714B9E163DDF}.Release|Any CPU.Build.0 = Release|Any CPU
	EndGlobalSection
	GlobalSection(SolutionProperties) = preSolution
		HideSolutionNode = FALSE
	EndGlobalSection
	GlobalSection(ExtensibilityGlobals) = postSolution
		SolutionGuid = {000F720A-0885-487F-8C2E-5DC1C9A935A0}
	EndGlobalSection
EndGlobal
